
Microsoft Visual Studio Solution File, Format Version 12.00
# Visual Studio Version 16
VisualStudioVersion = 16.0.30204.135
MinimumVisualStudioVersion = 10.0.40219.1
Project("{FAE04EC0-301F-11D3-BF4B-00C04F79EFBC}") = "ASP_MyBSNList", "ASP_MyBSNList.csproj", "{07F080E8-8D9F-4103-A4AC-08470EE2A2EC}"
EndProject
Global
	GlobalSection(SolutionConfigurationPlatforms) = preSolution
		Debug|Any CPU = Debug|Any CPU
		Release|Any CPU = Release|Any CPU
	EndGlobalSection
	GlobalSection(ProjectConfigurationPlatforms) = postSolution
		{07F080E8-8D9F-4103-A4AC-08470EE2A2EC}.Debug|Any CPU.ActiveCfg = Debug|Any CPU
		{07F080E8-8D9F-4103-A4AC-08470EE2A2EC}.Debug|Any CPU.Build.0 = Debug|Any CPU
		{07F080E8-8D9F-4103-A4AC-08470EE2A2EC}.Release|Any CPU.ActiveCfg = Release|Any CPU
		{07F080E8-8D9F-4103-A4AC-08470EE2A2EC}.Release|Any CPU.Build.0 = Release|Any CPU
	EndGlobalSection
	GlobalSection(SolutionProperties) = preSolution
		HideSolutionNode = FALSE
	EndGlobalSection
	GlobalSection(ExtensibilityGlobals) = postSolution
		SolutionGuid = {CDBBBF13-26E1-4347-87FC-1D947744138F}
	EndGlobalSection
EndGlobal
